
Microsoft Visual Studio Solution File, Format Version 12.00
# Visual Studio Version 17
VisualStudioVersion = 17.9.34622.214
MinimumVisualStudioVersion = 10.0.40219.1
Project("{9A19103F-16F7-4668-BE54-9A1E7A4F7556}") = "Dock window", "Dock window\Dock window.csproj", "{FF1A54E2-1219-4545-96F1-D84716106A70}"
EndProject
Project("{9A19103F-16F7-4668-BE54-9A1E7A4F7556}") = "Dock window demo", "Dock window demo\Dock window demo.csproj", "{32E3B5F4-C608-4107-8364-3BCA584FEF6E}"
EndProject
Global
	GlobalSection(SolutionConfigurationPlatforms) = preSolution
		Debug|Any CPU = Debug|Any CPU
		Release|Any CPU = Release|Any CPU
	EndGlobalSection
	GlobalSection(ProjectConfigurationPlatforms) = postSolution
		{FF1A54E2-1219-4545-96F1-D84716106A70}.Debug|Any CPU.ActiveCfg = Debug|Any CPU
		{FF1A54E2-1219-4545-96F1-D84716106A70}.Debug|Any CPU.Build.0 = Debug|Any CPU
		{FF1A54E2-1219-4545-96F1-D84716106A70}.Release|Any CPU.ActiveCfg = Release|Any CPU
		{FF1A54E2-1219-4545-96F1-D84716106A70}.Release|Any CPU.Build.0 = Release|Any CPU
		{32E3B5F4-C608-4107-8364-3BCA584FEF6E}.Debug|Any CPU.ActiveCfg = Debug|Any CPU
		{32E3B5F4-C608-4107-8364-3BCA584FEF6E}.Debug|Any CPU.Build.0 = Debug|Any CPU
		{32E3B5F4-C608-4107-8364-3BCA584FEF6E}.Release|Any CPU.ActiveCfg = Release|Any CPU
		{32E3B5F4-C608-4107-8364-3BCA584FEF6E}.Release|Any CPU.Build.0 = Release|Any CPU
	EndGlobalSection
	GlobalSection(SolutionProperties) = preSolution
		HideSolutionNode = FALSE
	EndGlobalSection
	GlobalSection(ExtensibilityGlobals) = postSolution
		SolutionGuid = {D69E417A-3CEE-4407-8518-903BD3F722D4}
	EndGlobalSection
EndGlobal
